# This file is autogenerated, do not edit; changes may be undone by the next 'dep ensure'.


[[projects]]
  name = "github.com/fsnotify/fsnotify"
  packages = ["."]
  revision = "629574ca2a5df945712d3079857300b5e4da0236"
  version = "v1.4.2"

[[projects]]
  branch = "master"
  name = "golang.org/x/sys"
  packages = ["unix"]
  revision = "0f826bdd13b500be0f1d4004938ad978fcc6031e"

[solve-meta]
  analyzer-name = "dep"
  analyzer-version = 1
  inputs-digest = "a21d38fb40ca3a17c1e7608e55eb396b53fcf5cb98dd0e54e5bcbee6efe1d86a"
  solver-name = "gps-cdcl"
  solver-version = 1
